
Microsoft Visual Studio Solution File, Format Version 12.00
# Visual Studio 15
Project("{FAE04EC0-301F-11D3-BF4B-00C04F79EFBC}") = "IIS", "IIS\IIS.csproj", "{6B1F0A87-5B02-440C-BADC-50097DA960D2}"
EndProject
Project("{E53339B2-1760-4266-BCC7-CA923CBCF16C}") = "docker-compose", "docker-compose.dcproj", "{F272F4DF-9BD2-4C16-BD6E-EEC34C8052B1}"
EndProject
Project("{2150E333-8FDC-42A3-9474-1A3956D46DE8}") = "ElasticSearch", "ElasticSearch", "{97BDE747-3556-4F2A-87BA-1F50BE01ED72}"
	ProjectSection(SolutionItems) = preProject
		ElasticSearch\Dockerfile = ElasticSearch\Dockerfile
	EndProjectSection
EndProject
Project("{2150E333-8FDC-42A3-9474-1A3956D46DE8}") = "Solution Items", "Solution Items", "{AA81A378-D8A6-4AE9-AB08-DC9950051E06}"
	ProjectSection(SolutionItems) = preProject
		startup = startup
	EndProjectSection
EndProject
Project("{FAE04EC0-301F-11D3-BF4B-00C04F79EFBC}") = "IIS.Search", "IIS.Search\IIS.Search.csproj", "{8352AC01-3055-43E3-8535-2217455926D0}"
EndProject
Project("{FAE04EC0-301F-11D3-BF4B-00C04F79EFBC}") = "IIS.Core", "IIS.Core\IIS.Core.csproj", "{A4DD868F-7142-4461-B197-C7B87C7C1BBE}"
EndProject
Global
	GlobalSection(SolutionConfigurationPlatforms) = preSolution
		Debug|Any CPU = Debug|Any CPU
		Release|Any CPU = Release|Any CPU
	EndGlobalSection
	GlobalSection(ProjectConfigurationPlatforms) = postSolution
		{6B1F0A87-5B02-440C-BADC-50097DA960D2}.Debug|Any CPU.ActiveCfg = Debug|Any CPU
		{6B1F0A87-5B02-440C-BADC-50097DA960D2}.Debug|Any CPU.Build.0 = Debug|Any CPU
		{6B1F0A87-5B02-440C-BADC-50097DA960D2}.Release|Any CPU.ActiveCfg = Release|Any CPU
		{6B1F0A87-5B02-440C-BADC-50097DA960D2}.Release|Any CPU.Build.0 = Release|Any CPU
		{F272F4DF-9BD2-4C16-BD6E-EEC34C8052B1}.Debug|Any CPU.ActiveCfg = Debug|Any CPU
		{F272F4DF-9BD2-4C16-BD6E-EEC34C8052B1}.Debug|Any CPU.Build.0 = Debug|Any CPU
		{F272F4DF-9BD2-4C16-BD6E-EEC34C8052B1}.Release|Any CPU.ActiveCfg = Release|Any CPU
		{F272F4DF-9BD2-4C16-BD6E-EEC34C8052B1}.Release|Any CPU.Build.0 = Release|Any CPU
		{8352AC01-3055-43E3-8535-2217455926D0}.Debug|Any CPU.ActiveCfg = Debug|Any CPU
		{8352AC01-3055-43E3-8535-2217455926D0}.Debug|Any CPU.Build.0 = Debug|Any CPU
		{8352AC01-3055-43E3-8535-2217455926D0}.Release|Any CPU.ActiveCfg = Release|Any CPU
		{8352AC01-3055-43E3-8535-2217455926D0}.Release|Any CPU.Build.0 = Release|Any CPU
		{A4DD868F-7142-4461-B197-C7B87C7C1BBE}.Debug|Any CPU.ActiveCfg = Debug|Any CPU
		{A4DD868F-7142-4461-B197-C7B87C7C1BBE}.Debug|Any CPU.Build.0 = Debug|Any CPU
		{A4DD868F-7142-4461-B197-C7B87C7C1BBE}.Release|Any CPU.ActiveCfg = Release|Any CPU
		{A4DD868F-7142-4461-B197-C7B87C7C1BBE}.Release|Any CPU.Build.0 = Release|Any CPU
	EndGlobalSection
EndGlobal
