
Microsoft Visual Studio Solution File, Format Version 12.00
# Visual Studio Version 16
VisualStudioVersion = 16.0.29519.87
MinimumVisualStudioVersion = 10.0.40219.1
Project("{9A19103F-16F7-4668-BE54-9A1E7A4F7556}") = "Iis.Api", "Iis.Api\Iis.Api.csproj", "{A4DD868F-7142-4461-B197-C7B87C7C1BBE}"
EndProject
Project("{9A19103F-16F7-4668-BE54-9A1E7A4F7556}") = "EmlJsonUploader", "EmlJsonUploader\EmlJsonUploader.csproj", "{2F53CDF6-FCED-45FA-A635-DF4D853DBAE9}"
EndProject
Project("{9A19103F-16F7-4668-BE54-9A1E7A4F7556}") = "Iis.DataModel", "Iis.DataModel\Iis.DataModel.csproj", "{6127346E-B6C7-4D42-8FBD-60FC76ABA367}"
EndProject
Project("{9A19103F-16F7-4668-BE54-9A1E7A4F7556}") = "Iis.Domain", "Iis.Domain\Iis.Domain.csproj", "{C7A54D0A-E2D0-4931-B2C3-6C97A063B192}"
EndProject
Project("{9A19103F-16F7-4668-BE54-9A1E7A4F7556}") = "Iis.Elastic", "Iis.Elastic\Iis.Elastic.csproj", "{94463649-E931-40FE-B880-51A01525D504}"
EndProject
Project("{9A19103F-16F7-4668-BE54-9A1E7A4F7556}") = "Iis.UnitTests", "Iis.UnitTests\Iis.UnitTests.csproj", "{8F57E0BE-9380-4EA3-8298-F6BCC58BF01B}"
EndProject
Project("{9A19103F-16F7-4668-BE54-9A1E7A4F7556}") = "Iis.Utility", "Iis.Utility\Iis.Utility.csproj", "{AC42DD1B-D10E-4A75-A74A-B2C0B6B17765}"
EndProject
Project("{9A19103F-16F7-4668-BE54-9A1E7A4F7556}") = "Iis.Interfaces", "Iis.Interfaces\Iis.Interfaces.csproj", "{47A34F15-9C10-459F-95A0-0E5439B4637A}"
EndProject
Project("{9A19103F-16F7-4668-BE54-9A1E7A4F7556}") = "Iis.DbLayer", "Iis.DbLayer\Iis.DbLayer.csproj", "{DB939ECF-57D0-496E-91CB-97ECFCBD900C}"
EndProject
Project("{9A19103F-16F7-4668-BE54-9A1E7A4F7556}") = "Iis.OntologyManager", "Iis.OntologyManager\Iis.OntologyManager.csproj", "{C6C0F229-D33C-49FC-81B7-D221177FE2A3}"
EndProject
Project("{9A19103F-16F7-4668-BE54-9A1E7A4F7556}") = "Iis.OntologySchema", "Iis.OntologySchema\Iis.OntologySchema.csproj", "{B46183A6-C6F9-48DD-8A5F-4E51B53E45F7}"
EndProject
Project("{9A19103F-16F7-4668-BE54-9A1E7A4F7556}") = "Iis.OntologySchema.Saver", "Iis.OntologySchema.Saver\Iis.OntologySchema.Saver.csproj", "{6F190731-7F7D-4D5D-959E-AC687A729BB8}"
EndProject
Project("{9A19103F-16F7-4668-BE54-9A1E7A4F7556}") = "IIS.Repository", "IIS.Repository\IIS.Repository.csproj", "{3EAE32A3-17A4-4883-A48B-9E34F71B1D4D}"
EndProject
Project("{9A19103F-16F7-4668-BE54-9A1E7A4F7556}") = "Iis.Services", "Iis.Services\Iis.Services.csproj", "{FDC8CC6E-9006-4B46-B584-D0794B8F2470}"
EndProject
Project("{9A19103F-16F7-4668-BE54-9A1E7A4F7556}") = "Iis.Services.Contracts", "Iis.Services.Contracts\Iis.Services.Contracts.csproj", "{52FEEA9D-286C-471B-8F3F-62E2A4F4B9DF}"
EndProject
Project("{9A19103F-16F7-4668-BE54-9A1E7A4F7556}") = "Iis.OntologyData", "Iis.OntologyData\Iis.OntologyData.csproj", "{2E2B2ED5-02AB-47EE-8378-A121E9694326}"
EndProject
Project("{9A19103F-16F7-4668-BE54-9A1E7A4F7556}") = "Iis.FlightRadar.DataModel", "Iis.FlightRadar.DataModel\Iis.FlightRadar.DataModel.csproj", "{8962FBAF-EEA1-4010-BBFA-43701307582A}"
EndProject
Project("{9A19103F-16F7-4668-BE54-9A1E7A4F7556}") = "Iis.Events", "Iis.Events\Iis.Events.csproj", "{C905D6B5-F408-4F35-A7FC-B3D0B0A62D83}"
EndProject
Project("{9A19103F-16F7-4668-BE54-9A1E7A4F7556}") = "Iis.EventHandlers", "Iis.EventHandlers\Iis.EventHandlers.csproj", "{7D081911-CBC0-4A0C-9662-C3D23804F692}"
EndProject
Project("{9A19103F-16F7-4668-BE54-9A1E7A4F7556}") = "Iis.AcceptanceTests", "Iis.AcceptanceTests\Iis.AcceptanceTests.csproj", "{CEEFF138-D9D5-47B4-B8AC-B64C07C02387}"
EndProject
Project("{9A19103F-16F7-4668-BE54-9A1E7A4F7556}") = "Iis.MaterialLoader", "Iis.MaterialLoader\Iis.MaterialLoader.csproj", "{F2051644-0587-4474-A1F4-A76AD1E3355D}"
EndProject
Project("{9A19103F-16F7-4668-BE54-9A1E7A4F7556}") = "Iis.Messages", "Iis.Messages\Iis.Messages.csproj", "{10F7C3E2-8FEA-4481-9791-71346DFA97F6}"
EndProject
Project("{9A19103F-16F7-4668-BE54-9A1E7A4F7556}") = "Iis.EventMaterialAutoAssignment", "Iis.EventMaterialAutoAssignment\Iis.EventMaterialAutoAssignment.csproj", "{E321BC77-AF3D-4839-B5AF-7476D39E10E4}"
EndProject
Project("{9A19103F-16F7-4668-BE54-9A1E7A4F7556}") = "Iis.EventMaterialAutoAssignment.DataModel", "Iis.EventMaterialAutoAssignment.DataModel\Iis.EventMaterialAutoAssignment.DataModel.csproj", "{B136FFE1-4E5A-4654-83AD-462AD280B047}"
EndProject
Project("{9A19103F-16F7-4668-BE54-9A1E7A4F7556}") = "Iis.RabbitMq", "Iis.RabbitMq\Iis.RabbitMq.csproj", "{06FB037A-AB0D-40DC-B863-E7950F027756}"
EndProject
Project("{9A19103F-16F7-4668-BE54-9A1E7A4F7556}") = "Iis.CoordinatesHandler", "Iis.CoordinatesHandler\Iis.CoordinatesHandler.csproj", "{5FB8A8F6-A5D1-407F-B226-344549E40564}"
EndProject
Project("{2150E333-8FDC-42A3-9474-1A3956D46DE8}") = "Solution Items", "Solution Items", "{95B1EA08-0005-4137-B354-848FA2255B4D}"
	ProjectSection(SolutionItems) = preProject
		.editorconfig = .editorconfig
	EndProjectSection
EndProject
Project("{9A19103F-16F7-4668-BE54-9A1E7A4F7556}") = "Iis.Desktop.Common", "Iis.Desktop.Common\Iis.Desktop.Common.csproj", "{21E074B2-8FBF-4A5B-BE6E-A853578C838D}"
EndProject
Project("{9A19103F-16F7-4668-BE54-9A1E7A4F7556}") = "Iis.Desktop.SecurityManager", "Iis.Desktop.SecurityManager\Iis.Desktop.SecurityManager.csproj", "{33960ECD-D747-4FB8-97BF-CEEF16C6A0CF}"
EndProject
Project("{9A19103F-16F7-4668-BE54-9A1E7A4F7556}") = "Iis.MaterialDistributor", "Iis.MaterialDistributor\Iis.MaterialDistributor.csproj", "{BD861251-8B5F-49A4-A586-D6F42570BE64}"
EndProject
Project("{9A19103F-16F7-4668-BE54-9A1E7A4F7556}") = "Iis.Security", "Iis.Security\Iis.Security.csproj", "{C2E53536-1F31-446C-94B7-B0B19471FAC7}"
EndProject
Global
	GlobalSection(SolutionConfigurationPlatforms) = preSolution
		Debug|Any CPU = Debug|Any CPU
		Release|Any CPU = Release|Any CPU
	EndGlobalSection
	GlobalSection(ProjectConfigurationPlatforms) = postSolution
		{A4DD868F-7142-4461-B197-C7B87C7C1BBE}.Debug|Any CPU.ActiveCfg = Debug|Any CPU
		{A4DD868F-7142-4461-B197-C7B87C7C1BBE}.Debug|Any CPU.Build.0 = Debug|Any CPU
		{A4DD868F-7142-4461-B197-C7B87C7C1BBE}.Release|Any CPU.ActiveCfg = Release|Any CPU
		{A4DD868F-7142-4461-B197-C7B87C7C1BBE}.Release|Any CPU.Build.0 = Release|Any CPU
		{2F53CDF6-FCED-45FA-A635-DF4D853DBAE9}.Debug|Any CPU.ActiveCfg = Debug|Any CPU
		{2F53CDF6-FCED-45FA-A635-DF4D853DBAE9}.Debug|Any CPU.Build.0 = Debug|Any CPU
		{2F53CDF6-FCED-45FA-A635-DF4D853DBAE9}.Release|Any CPU.ActiveCfg = Release|Any CPU
		{2F53CDF6-FCED-45FA-A635-DF4D853DBAE9}.Release|Any CPU.Build.0 = Release|Any CPU
		{6127346E-B6C7-4D42-8FBD-60FC76ABA367}.Debug|Any CPU.ActiveCfg = Debug|Any CPU
		{6127346E-B6C7-4D42-8FBD-60FC76ABA367}.Debug|Any CPU.Build.0 = Debug|Any CPU
		{6127346E-B6C7-4D42-8FBD-60FC76ABA367}.Release|Any CPU.ActiveCfg = Release|Any CPU
		{6127346E-B6C7-4D42-8FBD-60FC76ABA367}.Release|Any CPU.Build.0 = Release|Any CPU
		{C7A54D0A-E2D0-4931-B2C3-6C97A063B192}.Debug|Any CPU.ActiveCfg = Debug|Any CPU
		{C7A54D0A-E2D0-4931-B2C3-6C97A063B192}.Debug|Any CPU.Build.0 = Debug|Any CPU
		{C7A54D0A-E2D0-4931-B2C3-6C97A063B192}.Release|Any CPU.ActiveCfg = Release|Any CPU
		{C7A54D0A-E2D0-4931-B2C3-6C97A063B192}.Release|Any CPU.Build.0 = Release|Any CPU
		{94463649-E931-40FE-B880-51A01525D504}.Debug|Any CPU.ActiveCfg = Debug|Any CPU
		{94463649-E931-40FE-B880-51A01525D504}.Debug|Any CPU.Build.0 = Debug|Any CPU
		{94463649-E931-40FE-B880-51A01525D504}.Release|Any CPU.ActiveCfg = Release|Any CPU
		{94463649-E931-40FE-B880-51A01525D504}.Release|Any CPU.Build.0 = Release|Any CPU
		{8F57E0BE-9380-4EA3-8298-F6BCC58BF01B}.Debug|Any CPU.ActiveCfg = Debug|Any CPU
		{8F57E0BE-9380-4EA3-8298-F6BCC58BF01B}.Debug|Any CPU.Build.0 = Debug|Any CPU
		{8F57E0BE-9380-4EA3-8298-F6BCC58BF01B}.Release|Any CPU.ActiveCfg = Release|Any CPU
		{8F57E0BE-9380-4EA3-8298-F6BCC58BF01B}.Release|Any CPU.Build.0 = Release|Any CPU
		{AC42DD1B-D10E-4A75-A74A-B2C0B6B17765}.Debug|Any CPU.ActiveCfg = Debug|Any CPU
		{AC42DD1B-D10E-4A75-A74A-B2C0B6B17765}.Debug|Any CPU.Build.0 = Debug|Any CPU
		{AC42DD1B-D10E-4A75-A74A-B2C0B6B17765}.Release|Any CPU.ActiveCfg = Release|Any CPU
		{AC42DD1B-D10E-4A75-A74A-B2C0B6B17765}.Release|Any CPU.Build.0 = Release|Any CPU
		{47A34F15-9C10-459F-95A0-0E5439B4637A}.Debug|Any CPU.ActiveCfg = Debug|Any CPU
		{47A34F15-9C10-459F-95A0-0E5439B4637A}.Debug|Any CPU.Build.0 = Debug|Any CPU
		{47A34F15-9C10-459F-95A0-0E5439B4637A}.Release|Any CPU.ActiveCfg = Release|Any CPU
		{47A34F15-9C10-459F-95A0-0E5439B4637A}.Release|Any CPU.Build.0 = Release|Any CPU
		{DB939ECF-57D0-496E-91CB-97ECFCBD900C}.Debug|Any CPU.ActiveCfg = Debug|Any CPU
		{DB939ECF-57D0-496E-91CB-97ECFCBD900C}.Debug|Any CPU.Build.0 = Debug|Any CPU
		{DB939ECF-57D0-496E-91CB-97ECFCBD900C}.Release|Any CPU.ActiveCfg = Release|Any CPU
		{DB939ECF-57D0-496E-91CB-97ECFCBD900C}.Release|Any CPU.Build.0 = Release|Any CPU
		{C6C0F229-D33C-49FC-81B7-D221177FE2A3}.Debug|Any CPU.ActiveCfg = Debug|Any CPU
		{C6C0F229-D33C-49FC-81B7-D221177FE2A3}.Debug|Any CPU.Build.0 = Debug|Any CPU
		{C6C0F229-D33C-49FC-81B7-D221177FE2A3}.Release|Any CPU.ActiveCfg = Release|Any CPU
		{C6C0F229-D33C-49FC-81B7-D221177FE2A3}.Release|Any CPU.Build.0 = Release|Any CPU
		{B46183A6-C6F9-48DD-8A5F-4E51B53E45F7}.Debug|Any CPU.ActiveCfg = Debug|Any CPU
		{B46183A6-C6F9-48DD-8A5F-4E51B53E45F7}.Debug|Any CPU.Build.0 = Debug|Any CPU
		{B46183A6-C6F9-48DD-8A5F-4E51B53E45F7}.Release|Any CPU.ActiveCfg = Release|Any CPU
		{B46183A6-C6F9-48DD-8A5F-4E51B53E45F7}.Release|Any CPU.Build.0 = Release|Any CPU
		{6F190731-7F7D-4D5D-959E-AC687A729BB8}.Debug|Any CPU.ActiveCfg = Debug|Any CPU
		{6F190731-7F7D-4D5D-959E-AC687A729BB8}.Debug|Any CPU.Build.0 = Debug|Any CPU
		{6F190731-7F7D-4D5D-959E-AC687A729BB8}.Release|Any CPU.ActiveCfg = Release|Any CPU
		{6F190731-7F7D-4D5D-959E-AC687A729BB8}.Release|Any CPU.Build.0 = Release|Any CPU
		{3EAE32A3-17A4-4883-A48B-9E34F71B1D4D}.Debug|Any CPU.ActiveCfg = Debug|Any CPU
		{3EAE32A3-17A4-4883-A48B-9E34F71B1D4D}.Debug|Any CPU.Build.0 = Debug|Any CPU
		{3EAE32A3-17A4-4883-A48B-9E34F71B1D4D}.Release|Any CPU.ActiveCfg = Release|Any CPU
		{3EAE32A3-17A4-4883-A48B-9E34F71B1D4D}.Release|Any CPU.Build.0 = Release|Any CPU
		{FDC8CC6E-9006-4B46-B584-D0794B8F2470}.Debug|Any CPU.ActiveCfg = Debug|Any CPU
		{FDC8CC6E-9006-4B46-B584-D0794B8F2470}.Debug|Any CPU.Build.0 = Debug|Any CPU
		{FDC8CC6E-9006-4B46-B584-D0794B8F2470}.Release|Any CPU.ActiveCfg = Release|Any CPU
		{FDC8CC6E-9006-4B46-B584-D0794B8F2470}.Release|Any CPU.Build.0 = Release|Any CPU
		{52FEEA9D-286C-471B-8F3F-62E2A4F4B9DF}.Debug|Any CPU.ActiveCfg = Debug|Any CPU
		{52FEEA9D-286C-471B-8F3F-62E2A4F4B9DF}.Debug|Any CPU.Build.0 = Debug|Any CPU
		{52FEEA9D-286C-471B-8F3F-62E2A4F4B9DF}.Release|Any CPU.ActiveCfg = Release|Any CPU
		{52FEEA9D-286C-471B-8F3F-62E2A4F4B9DF}.Release|Any CPU.Build.0 = Release|Any CPU
		{2E2B2ED5-02AB-47EE-8378-A121E9694326}.Debug|Any CPU.ActiveCfg = Debug|Any CPU
		{2E2B2ED5-02AB-47EE-8378-A121E9694326}.Debug|Any CPU.Build.0 = Debug|Any CPU
		{2E2B2ED5-02AB-47EE-8378-A121E9694326}.Release|Any CPU.ActiveCfg = Release|Any CPU
		{2E2B2ED5-02AB-47EE-8378-A121E9694326}.Release|Any CPU.Build.0 = Release|Any CPU
		{8962FBAF-EEA1-4010-BBFA-43701307582A}.Debug|Any CPU.ActiveCfg = Debug|Any CPU
		{8962FBAF-EEA1-4010-BBFA-43701307582A}.Debug|Any CPU.Build.0 = Debug|Any CPU
		{8962FBAF-EEA1-4010-BBFA-43701307582A}.Release|Any CPU.ActiveCfg = Release|Any CPU
		{8962FBAF-EEA1-4010-BBFA-43701307582A}.Release|Any CPU.Build.0 = Release|Any CPU
		{C905D6B5-F408-4F35-A7FC-B3D0B0A62D83}.Debug|Any CPU.ActiveCfg = Debug|Any CPU
		{C905D6B5-F408-4F35-A7FC-B3D0B0A62D83}.Debug|Any CPU.Build.0 = Debug|Any CPU
		{C905D6B5-F408-4F35-A7FC-B3D0B0A62D83}.Release|Any CPU.ActiveCfg = Release|Any CPU
		{C905D6B5-F408-4F35-A7FC-B3D0B0A62D83}.Release|Any CPU.Build.0 = Release|Any CPU
		{7D081911-CBC0-4A0C-9662-C3D23804F692}.Debug|Any CPU.ActiveCfg = Debug|Any CPU
		{7D081911-CBC0-4A0C-9662-C3D23804F692}.Debug|Any CPU.Build.0 = Debug|Any CPU
		{7D081911-CBC0-4A0C-9662-C3D23804F692}.Release|Any CPU.ActiveCfg = Release|Any CPU
		{7D081911-CBC0-4A0C-9662-C3D23804F692}.Release|Any CPU.Build.0 = Release|Any CPU
		{CEEFF138-D9D5-47B4-B8AC-B64C07C02387}.Debug|Any CPU.ActiveCfg = Debug|Any CPU
		{CEEFF138-D9D5-47B4-B8AC-B64C07C02387}.Debug|Any CPU.Build.0 = Debug|Any CPU
		{CEEFF138-D9D5-47B4-B8AC-B64C07C02387}.Release|Any CPU.ActiveCfg = Release|Any CPU
		{CEEFF138-D9D5-47B4-B8AC-B64C07C02387}.Release|Any CPU.Build.0 = Release|Any CPU
		{F2051644-0587-4474-A1F4-A76AD1E3355D}.Debug|Any CPU.ActiveCfg = Debug|Any CPU
		{F2051644-0587-4474-A1F4-A76AD1E3355D}.Debug|Any CPU.Build.0 = Debug|Any CPU
		{F2051644-0587-4474-A1F4-A76AD1E3355D}.Release|Any CPU.ActiveCfg = Release|Any CPU
		{F2051644-0587-4474-A1F4-A76AD1E3355D}.Release|Any CPU.Build.0 = Release|Any CPU
		{10F7C3E2-8FEA-4481-9791-71346DFA97F6}.Debug|Any CPU.ActiveCfg = Debug|Any CPU
		{10F7C3E2-8FEA-4481-9791-71346DFA97F6}.Debug|Any CPU.Build.0 = Debug|Any CPU
		{10F7C3E2-8FEA-4481-9791-71346DFA97F6}.Release|Any CPU.ActiveCfg = Release|Any CPU
		{10F7C3E2-8FEA-4481-9791-71346DFA97F6}.Release|Any CPU.Build.0 = Release|Any CPU
		{E321BC77-AF3D-4839-B5AF-7476D39E10E4}.Debug|Any CPU.ActiveCfg = Debug|Any CPU
		{E321BC77-AF3D-4839-B5AF-7476D39E10E4}.Debug|Any CPU.Build.0 = Debug|Any CPU
		{E321BC77-AF3D-4839-B5AF-7476D39E10E4}.Release|Any CPU.ActiveCfg = Release|Any CPU
		{E321BC77-AF3D-4839-B5AF-7476D39E10E4}.Release|Any CPU.Build.0 = Release|Any CPU
		{B136FFE1-4E5A-4654-83AD-462AD280B047}.Debug|Any CPU.ActiveCfg = Debug|Any CPU
		{B136FFE1-4E5A-4654-83AD-462AD280B047}.Debug|Any CPU.Build.0 = Debug|Any CPU
		{B136FFE1-4E5A-4654-83AD-462AD280B047}.Release|Any CPU.ActiveCfg = Release|Any CPU
		{B136FFE1-4E5A-4654-83AD-462AD280B047}.Release|Any CPU.Build.0 = Release|Any CPU
		{06FB037A-AB0D-40DC-B863-E7950F027756}.Debug|Any CPU.ActiveCfg = Debug|Any CPU
		{06FB037A-AB0D-40DC-B863-E7950F027756}.Debug|Any CPU.Build.0 = Debug|Any CPU
		{06FB037A-AB0D-40DC-B863-E7950F027756}.Release|Any CPU.ActiveCfg = Release|Any CPU
		{06FB037A-AB0D-40DC-B863-E7950F027756}.Release|Any CPU.Build.0 = Release|Any CPU
		{5FB8A8F6-A5D1-407F-B226-344549E40564}.Debug|Any CPU.ActiveCfg = Debug|Any CPU
		{5FB8A8F6-A5D1-407F-B226-344549E40564}.Debug|Any CPU.Build.0 = Debug|Any CPU
		{5FB8A8F6-A5D1-407F-B226-344549E40564}.Release|Any CPU.ActiveCfg = Release|Any CPU
		{5FB8A8F6-A5D1-407F-B226-344549E40564}.Release|Any CPU.Build.0 = Release|Any CPU
		{21E074B2-8FBF-4A5B-BE6E-A853578C838D}.Debug|Any CPU.ActiveCfg = Debug|Any CPU
		{21E074B2-8FBF-4A5B-BE6E-A853578C838D}.Debug|Any CPU.Build.0 = Debug|Any CPU
		{21E074B2-8FBF-4A5B-BE6E-A853578C838D}.Release|Any CPU.ActiveCfg = Release|Any CPU
		{21E074B2-8FBF-4A5B-BE6E-A853578C838D}.Release|Any CPU.Build.0 = Release|Any CPU
		{33960ECD-D747-4FB8-97BF-CEEF16C6A0CF}.Debug|Any CPU.ActiveCfg = Debug|Any CPU
		{33960ECD-D747-4FB8-97BF-CEEF16C6A0CF}.Debug|Any CPU.Build.0 = Debug|Any CPU
		{33960ECD-D747-4FB8-97BF-CEEF16C6A0CF}.Release|Any CPU.ActiveCfg = Release|Any CPU
		{33960ECD-D747-4FB8-97BF-CEEF16C6A0CF}.Release|Any CPU.Build.0 = Release|Any CPU
		{BD861251-8B5F-49A4-A586-D6F42570BE64}.Debug|Any CPU.ActiveCfg = Debug|Any CPU
		{BD861251-8B5F-49A4-A586-D6F42570BE64}.Debug|Any CPU.Build.0 = Debug|Any CPU
		{BD861251-8B5F-49A4-A586-D6F42570BE64}.Release|Any CPU.ActiveCfg = Release|Any CPU
		{BD861251-8B5F-49A4-A586-D6F42570BE64}.Release|Any CPU.Build.0 = Release|Any CPU
		{C2E53536-1F31-446C-94B7-B0B19471FAC7}.Debug|Any CPU.ActiveCfg = Debug|Any CPU
		{C2E53536-1F31-446C-94B7-B0B19471FAC7}.Debug|Any CPU.Build.0 = Debug|Any CPU
		{C2E53536-1F31-446C-94B7-B0B19471FAC7}.Release|Any CPU.ActiveCfg = Release|Any CPU
		{C2E53536-1F31-446C-94B7-B0B19471FAC7}.Release|Any CPU.Build.0 = Release|Any CPU
	EndGlobalSection
	GlobalSection(SolutionProperties) = preSolution
		HideSolutionNode = FALSE
	EndGlobalSection
	GlobalSection(ExtensibilityGlobals) = postSolution
		SolutionGuid = {A23D66F6-FAD2-4AD4-9D0F-3E10CD72C242}
	EndGlobalSection
EndGlobal
