
Microsoft Visual Studio Solution File, Format Version 12.00
# Visual Studio Version 16
VisualStudioVersion = 16.0.29519.87
MinimumVisualStudioVersion = 10.0.40219.1
Project("{9A19103F-16F7-4668-BE54-9A1E7A4F7556}") = "Iis", "Iis\Iis.csproj", "{6B1F0A87-5B02-440C-BADC-50097DA960D2}"
EndProject
Project("{9A19103F-16F7-4668-BE54-9A1E7A4F7556}") = "Iis.Api", "Iis.Api\Iis.Api.csproj", "{A4DD868F-7142-4461-B197-C7B87C7C1BBE}"
EndProject
Project("{9A19103F-16F7-4668-BE54-9A1E7A4F7556}") = "EmlJsonUploader", "EmlJsonUploader\EmlJsonUploader.csproj", "{2F53CDF6-FCED-45FA-A635-DF4D853DBAE9}"
EndProject
Project("{9A19103F-16F7-4668-BE54-9A1E7A4F7556}") = "Iis.DataModel", "Iis.DataModel\Iis.DataModel.csproj", "{6127346E-B6C7-4D42-8FBD-60FC76ABA367}"
EndProject
Project("{9A19103F-16F7-4668-BE54-9A1E7A4F7556}") = "Iis.Domain", "Iis.Domain\Iis.Domain.csproj", "{C7A54D0A-E2D0-4931-B2C3-6C97A063B192}"
EndProject
Project("{FAE04EC0-301F-11D3-BF4B-00C04F79EFBC}") = "Iis.Elastic", "Iis.Elastic\Iis.Elastic.csproj", "{94463649-E931-40FE-B880-51A01525D504}"
EndProject
Global
	GlobalSection(SolutionConfigurationPlatforms) = preSolution
		Debug|Any CPU = Debug|Any CPU
		Release|Any CPU = Release|Any CPU
	EndGlobalSection
	GlobalSection(ProjectConfigurationPlatforms) = postSolution
		{6B1F0A87-5B02-440C-BADC-50097DA960D2}.Debug|Any CPU.ActiveCfg = Debug|Any CPU
		{6B1F0A87-5B02-440C-BADC-50097DA960D2}.Debug|Any CPU.Build.0 = Debug|Any CPU
		{6B1F0A87-5B02-440C-BADC-50097DA960D2}.Release|Any CPU.ActiveCfg = Release|Any CPU
		{6B1F0A87-5B02-440C-BADC-50097DA960D2}.Release|Any CPU.Build.0 = Release|Any CPU
		{A4DD868F-7142-4461-B197-C7B87C7C1BBE}.Debug|Any CPU.ActiveCfg = Debug|Any CPU
		{A4DD868F-7142-4461-B197-C7B87C7C1BBE}.Debug|Any CPU.Build.0 = Debug|Any CPU
		{A4DD868F-7142-4461-B197-C7B87C7C1BBE}.Release|Any CPU.ActiveCfg = Release|Any CPU
		{A4DD868F-7142-4461-B197-C7B87C7C1BBE}.Release|Any CPU.Build.0 = Release|Any CPU
		{2F53CDF6-FCED-45FA-A635-DF4D853DBAE9}.Debug|Any CPU.ActiveCfg = Debug|Any CPU
		{2F53CDF6-FCED-45FA-A635-DF4D853DBAE9}.Debug|Any CPU.Build.0 = Debug|Any CPU
		{2F53CDF6-FCED-45FA-A635-DF4D853DBAE9}.Release|Any CPU.ActiveCfg = Release|Any CPU
		{2F53CDF6-FCED-45FA-A635-DF4D853DBAE9}.Release|Any CPU.Build.0 = Release|Any CPU
		{6127346E-B6C7-4D42-8FBD-60FC76ABA367}.Debug|Any CPU.ActiveCfg = Debug|Any CPU
		{6127346E-B6C7-4D42-8FBD-60FC76ABA367}.Debug|Any CPU.Build.0 = Debug|Any CPU
		{6127346E-B6C7-4D42-8FBD-60FC76ABA367}.Release|Any CPU.ActiveCfg = Release|Any CPU
		{6127346E-B6C7-4D42-8FBD-60FC76ABA367}.Release|Any CPU.Build.0 = Release|Any CPU
		{C7A54D0A-E2D0-4931-B2C3-6C97A063B192}.Debug|Any CPU.ActiveCfg = Debug|Any CPU
		{C7A54D0A-E2D0-4931-B2C3-6C97A063B192}.Debug|Any CPU.Build.0 = Debug|Any CPU
		{C7A54D0A-E2D0-4931-B2C3-6C97A063B192}.Release|Any CPU.ActiveCfg = Release|Any CPU
		{C7A54D0A-E2D0-4931-B2C3-6C97A063B192}.Release|Any CPU.Build.0 = Release|Any CPU
		{94463649-E931-40FE-B880-51A01525D504}.Debug|Any CPU.ActiveCfg = Debug|Any CPU
		{94463649-E931-40FE-B880-51A01525D504}.Debug|Any CPU.Build.0 = Debug|Any CPU
		{94463649-E931-40FE-B880-51A01525D504}.Release|Any CPU.ActiveCfg = Release|Any CPU
		{94463649-E931-40FE-B880-51A01525D504}.Release|Any CPU.Build.0 = Release|Any CPU
	EndGlobalSection
	GlobalSection(SolutionProperties) = preSolution
		HideSolutionNode = FALSE
	EndGlobalSection
	GlobalSection(ExtensibilityGlobals) = postSolution
		SolutionGuid = {A23D66F6-FAD2-4AD4-9D0F-3E10CD72C242}
	EndGlobalSection
EndGlobal
